
Microsoft Visual Studio Solution File, Format Version 12.00
# Visual Studio Version 16
VisualStudioVersion = 16.0.29709.97
MinimumVisualStudioVersion = 10.0.40219.1
Project("{FAE04EC0-301F-11D3-BF4B-00C04F79EFBC}") = "Chuong3_part2.Bai3", "Chuong3_part2.Bai3.csproj", "{487572D9-BBF9-4EC2-BEE3-7A83D21BE105}"
EndProject
Global
	GlobalSection(SolutionConfigurationPlatforms) = preSolution
		Debug|Any CPU = Debug|Any CPU
		Release|Any CPU = Release|Any CPU
	EndGlobalSection
	GlobalSection(ProjectConfigurationPlatforms) = postSolution
		{487572D9-BBF9-4EC2-BEE3-7A83D21BE105}.Debug|Any CPU.ActiveCfg = Debug|Any CPU
		{487572D9-BBF9-4EC2-BEE3-7A83D21BE105}.Debug|Any CPU.Build.0 = Debug|Any CPU
		{487572D9-BBF9-4EC2-BEE3-7A83D21BE105}.Release|Any CPU.ActiveCfg = Release|Any CPU
		{487572D9-BBF9-4EC2-BEE3-7A83D21BE105}.Release|Any CPU.Build.0 = Release|Any CPU
	EndGlobalSection
	GlobalSection(SolutionProperties) = preSolution
		HideSolutionNode = FALSE
	EndGlobalSection
	GlobalSection(ExtensibilityGlobals) = postSolution
		SolutionGuid = {9E03DE65-A179-44C4-8A87-F6F960AA5AF0}
	EndGlobalSection
EndGlobal
