
Microsoft Visual Studio Solution File, Format Version 12.00
# Visual Studio Version 16
VisualStudioVersion = 16.0.29709.97
MinimumVisualStudioVersion = 10.0.40219.1
Project("{FAE04EC0-301F-11D3-BF4B-00C04F79EFBC}") = "Chuong3_part2_vd1", "Chuong3_part2_vd1.csproj", "{D7806235-53C7-406F-B189-E3AAA292A18A}"
EndProject
Global
	GlobalSection(SolutionConfigurationPlatforms) = preSolution
		Debug|Any CPU = Debug|Any CPU
		Release|Any CPU = Release|Any CPU
	EndGlobalSection
	GlobalSection(ProjectConfigurationPlatforms) = postSolution
		{D7806235-53C7-406F-B189-E3AAA292A18A}.Debug|Any CPU.ActiveCfg = Debug|Any CPU
		{D7806235-53C7-406F-B189-E3AAA292A18A}.Debug|Any CPU.Build.0 = Debug|Any CPU
		{D7806235-53C7-406F-B189-E3AAA292A18A}.Release|Any CPU.ActiveCfg = Release|Any CPU
		{D7806235-53C7-406F-B189-E3AAA292A18A}.Release|Any CPU.Build.0 = Release|Any CPU
	EndGlobalSection
	GlobalSection(SolutionProperties) = preSolution
		HideSolutionNode = FALSE
	EndGlobalSection
	GlobalSection(ExtensibilityGlobals) = postSolution
		SolutionGuid = {36006756-C2F3-4DA8-B896-B2E272AC67A6}
	EndGlobalSection
EndGlobal
